
Microsoft Visual Studio Solution File, Format Version 12.00
# Visual Studio 15
VisualStudioVersion = 15.0.28307.645
MinimumVisualStudioVersion = 10.0.40219.1
Project("{FAE04EC0-301F-11D3-BF4B-00C04F79EFBC}") = "AutoShop", "AutoShop\AutoShop.csproj", "{A5E981EE-8D41-4E35-BBB3-29EE9E005D71}"
EndProject
Global
	GlobalSection(SolutionConfigurationPlatforms) = preSolution
		Debug|Any CPU = Debug|Any CPU
		Release|Any CPU = Release|Any CPU
	EndGlobalSection
	GlobalSection(ProjectConfigurationPlatforms) = postSolution
		{A5E981EE-8D41-4E35-BBB3-29EE9E005D71}.Debug|Any CPU.ActiveCfg = Debug|Any CPU
		{A5E981EE-8D41-4E35-BBB3-29EE9E005D71}.Debug|Any CPU.Build.0 = Debug|Any CPU
		{A5E981EE-8D41-4E35-BBB3-29EE9E005D71}.Release|Any CPU.ActiveCfg = Release|Any CPU
		{A5E981EE-8D41-4E35-BBB3-29EE9E005D71}.Release|Any CPU.Build.0 = Release|Any CPU
	EndGlobalSection
	GlobalSection(SolutionProperties) = preSolution
		HideSolutionNode = FALSE
	EndGlobalSection
	GlobalSection(ExtensibilityGlobals) = postSolution
		SolutionGuid = {E336EBB3-A78B-4121-9A0C-99EC148C18E7}
	EndGlobalSection
EndGlobal
